// !$*UTF8*$!
{
	archiveVersion = 1;
	classes = {
	};
	objectVersion = 56;
	objects = {

/* Begin PBXBuildFile section */
		803C716529C60FE40008F52E /* FileController.swift in Sources */ = {isa = PBXBuildFile; fileRef = 803C716429C60FE40008F52E /* FileController.swift */; };
		805871EC29C5BDDB00897141 /* HttpClient.swift in Sources */ = {isa = PBXBuildFile; fileRef = 805871EB29C5BDDB00897141 /* HttpClient.swift */; };
		80B1F70229EDB62B00C94196 /* SupportedSoftwares.swift in Sources */ = {isa = PBXBuildFile; fileRef = 80B1F70129EDB62B00C94196 /* SupportedSoftwares.swift */; };
		80B208C429BB875300DB3BC0 /* EyeDocScanner_App.swift in Sources */ = {isa = PBXBuildFile; fileRef = 80B208C329BB875300DB3BC0 /* EyeDocScanner_App.swift */; };
		80B208C629BB875300DB3BC0 /* ContentView.swift in Sources */ = {isa = PBXBuildFile; fileRef = 80B208C529BB875300DB3BC0 /* ContentView.swift */; };
		80B208C829BB875400DB3BC0 /* Assets.xcassets in Resources */ = {isa = PBXBuildFile; fileRef = 80B208C729BB875400DB3BC0 /* Assets.xcassets */; };
		80B208CB29BB875400DB3BC0 /* Preview Assets.xcassets in Resources */ = {isa = PBXBuildFile; fileRef = 80B208CA29BB875400DB3BC0 /* Preview Assets.xcassets */; };
		80B208D429BB8DF800DB3BC0 /* ScannerView.swift in Sources */ = {isa = PBXBuildFile; fileRef = 80B208D329BB8DF800DB3BC0 /* ScannerView.swift */; };
		80B208D629BB91C300DB3BC0 /* OCR.swift in Sources */ = {isa = PBXBuildFile; fileRef = 80B208D529BB91C300DB3BC0 /* OCR.swift */; };
		80B208D829BB921500DB3BC0 /* JsonExport.swift in Sources */ = {isa = PBXBuildFile; fileRef = 80B208D729BB921500DB3BC0 /* JsonExport.swift */; };
/* End PBXBuildFile section */

/* Begin PBXFileReference section */
		803C716329C5F1370008F52E /* EyeDocScanner-Info.plist */ = {isa = PBXFileReference; lastKnownFileType = text.plist.xml; path = "EyeDocScanner-Info.plist"; sourceTree = SOURCE_ROOT; };
		803C716429C60FE40008F52E /* FileController.swift */ = {isa = PBXFileReference; lastKnownFileType = sourcecode.swift; path = FileController.swift; sourceTree = "<group>"; };
		805871EB29C5BDDB00897141 /* HttpClient.swift */ = {isa = PBXFileReference; lastKnownFileType = sourcecode.swift; path = HttpClient.swift; sourceTree = "<group>"; };
		80B1F70129EDB62B00C94196 /* SupportedSoftwares.swift */ = {isa = PBXFileReference; lastKnownFileType = sourcecode.swift; path = SupportedSoftwares.swift; sourceTree = "<group>"; };
		80B208C029BB875300DB3BC0 /* EyeDocScanner.app */ = {isa = PBXFileReference; explicitFileType = wrapper.application; includeInIndex = 0; path = EyeDocScanner.app; sourceTree = BUILT_PRODUCTS_DIR; };
		80B208C329BB875300DB3BC0 /* EyeDocScanner_App.swift */ = {isa = PBXFileReference; lastKnownFileType = sourcecode.swift; path = EyeDocScanner_App.swift; sourceTree = "<group>"; };
		80B208C529BB875300DB3BC0 /* ContentView.swift */ = {isa = PBXFileReference; lastKnownFileType = sourcecode.swift; path = ContentView.swift; sourceTree = "<group>"; };
		80B208C729BB875400DB3BC0 /* Assets.xcassets */ = {isa = PBXFileReference; lastKnownFileType = folder.assetcatalog; path = Assets.xcassets; sourceTree = "<group>"; };
		80B208CA29BB875400DB3BC0 /* Preview Assets.xcassets */ = {isa = PBXFileReference; lastKnownFileType = folder.assetcatalog; path = "Preview Assets.xcassets"; sourceTree = "<group>"; };
		80B208D329BB8DF800DB3BC0 /* ScannerView.swift */ = {isa = PBXFileReference; lastKnownFileType = sourcecode.swift; path = ScannerView.swift; sourceTree = "<group>"; };
		80B208D529BB91C300DB3BC0 /* OCR.swift */ = {isa = PBXFileReference; lastKnownFileType = sourcecode.swift; path = OCR.swift; sourceTree = "<group>"; };
		80B208D729BB921500DB3BC0 /* JsonExport.swift */ = {isa = PBXFileReference; lastKnownFileType = sourcecode.swift; path = JsonExport.swift; sourceTree = "<group>"; };
/* End PBXFileReference section */

/* Begin PBXFrameworksBuildPhase section */
		80B208BD29BB875300DB3BC0 /* Frameworks */ = {
			isa = PBXFrameworksBuildPhase;
			buildActionMask = 2147483647;
			files = (
			);
			runOnlyForDeploymentPostprocessing = 0;
		};
/* End PBXFrameworksBuildPhase section */

/* Begin PBXGroup section */
		80B208B729BB875300DB3BC0 = {
			isa = PBXGroup;
			children = (
				80B208C229BB875300DB3BC0 /* EyeDocScanner */,
				80B208C129BB875300DB3BC0 /* Products */,
			);
			sourceTree = "<group>";
		};
		80B208C129BB875300DB3BC0 /* Products */ = {
			isa = PBXGroup;
			children = (
				80B208C029BB875300DB3BC0 /* EyeDocScanner.app */,
			);
			name = Products;
			sourceTree = "<group>";
		};
		80B208C229BB875300DB3BC0 /* EyeDocScanner */ = {
			isa = PBXGroup;
			children = (
				803C716329C5F1370008F52E /* EyeDocScanner-Info.plist */,
				80B208C329BB875300DB3BC0 /* EyeDocScanner_App.swift */,
				80B208D229BB891E00DB3BC0 /* Models */,
				80B208D129BB891500DB3BC0 /* Views */,
				80B208C729BB875400DB3BC0 /* Assets.xcassets */,
				80B208C929BB875400DB3BC0 /* Preview Content */,
			);
			path = EyeDocScanner;
			sourceTree = "<group>";
		};
		80B208C929BB875400DB3BC0 /* Preview Content */ = {
			isa = PBXGroup;
			children = (
				80B208CA29BB875400DB3BC0 /* Preview Assets.xcassets */,
			);
			path = "Preview Content";
			sourceTree = "<group>";
		};
		80B208D129BB891500DB3BC0 /* Views */ = {
			isa = PBXGroup;
			children = (
				80B208C529BB875300DB3BC0 /* ContentView.swift */,
				80B208D329BB8DF800DB3BC0 /* ScannerView.swift */,
			);
			path = Views;
			sourceTree = "<group>";
		};
		80B208D229BB891E00DB3BC0 /* Models */ = {
			isa = PBXGroup;
			children = (
				805871EB29C5BDDB00897141 /* HttpClient.swift */,
				80B208D529BB91C300DB3BC0 /* OCR.swift */,
				80B208D729BB921500DB3BC0 /* JsonExport.swift */,
				803C716429C60FE40008F52E /* FileController.swift */,
				80B1F70129EDB62B00C94196 /* SupportedSoftwares.swift */,
			);
			path = Models;
			sourceTree = "<group>";
		};
/* End PBXGroup section */

/* Begin PBXNativeTarget section */
		80B208BF29BB875300DB3BC0 /* EyeDocScanner */ = {
			isa = PBXNativeTarget;
			buildConfigurationList = 80B208CE29BB875400DB3BC0 /* Build configuration list for PBXNativeTarget "EyeDocScanner" */;
			buildPhases = (
				80B208BC29BB875300DB3BC0 /* Sources */,
				80B208BD29BB875300DB3BC0 /* Frameworks */,
				80B208BE29BB875300DB3BC0 /* Resources */,
			);
			buildRules = (
			);
			dependencies = (
			);
			name = EyeDocScanner;
			productName = "VITA'APP SwitUI";
			productReference = 80B208C029BB875300DB3BC0 /* EyeDocScanner.app */;
			productType = "com.apple.product-type.application";
		};
/* End PBXNativeTarget section */

/* Begin PBXProject section */
		80B208B829BB875300DB3BC0 /* Project object */ = {
			isa = PBXProject;
			attributes = {
				BuildIndependentTargetsInParallel = 1;
				LastSwiftUpdateCheck = 1420;
				LastUpgradeCheck = 1420;
				TargetAttributes = {
					80B208BF29BB875300DB3BC0 = {
						CreatedOnToolsVersion = 14.2;
					};
				};
			};
			buildConfigurationList = 80B208BB29BB875300DB3BC0 /* Build configuration list for PBXProject "EyeDocScanner" */;
			compatibilityVersion = "Xcode 14.0";
			developmentRegion = en;
			hasScannedForEncodings = 0;
			knownRegions = (
				en,
				Base,
			);
			mainGroup = 80B208B729BB875300DB3BC0;
			productRefGroup = 80B208C129BB875300DB3BC0 /* Products */;
			projectDirPath = "";
			projectRoot = "";
			targets = (
				80B208BF29BB875300DB3BC0 /* EyeDocScanner */,
			);
		};
/* End PBXProject section */

/* Begin PBXResourcesBuildPhase section */
		80B208BE29BB875300DB3BC0 /* Resources */ = {
			isa = PBXResourcesBuildPhase;
			buildActionMask = 2147483647;
			files = (
				80B208CB29BB875400DB3BC0 /* Preview Assets.xcassets in Resources */,
				80B208C829BB875400DB3BC0 /* Assets.xcassets in Resources */,
			);
			runOnlyForDeploymentPostprocessing = 0;
		};
/* End PBXResourcesBuildPhase section */

/* Begin PBXSourcesBuildPhase section */
		80B208BC29BB875300DB3BC0 /* Sources */ = {
			isa = PBXSourcesBuildPhase;
			buildActionMask = 2147483647;
			files = (
				80B208D629BB91C300DB3BC0 /* OCR.swift in Sources */,
				80B208D429BB8DF800DB3BC0 /* ScannerView.swift in Sources */,
				80B208C629BB875300DB3BC0 /* ContentView.swift in Sources */,
				803C716529C60FE40008F52E /* FileController.swift in Sources */,
				805871EC29C5BDDB00897141 /* HttpClient.swift in Sources */,
				80B208D829BB921500DB3BC0 /* JsonExport.swift in Sources */,
				80B208C429BB875300DB3BC0 /* EyeDocScanner_App.swift in Sources */,
				80B1F70229EDB62B00C94196 /* SupportedSoftwares.swift in Sources */,
			);
			runOnlyForDeploymentPostprocessing = 0;
		};
/* End PBXSourcesBuildPhase section */

/* Begin XCBuildConfiguration section */
		80B208CC29BB875400DB3BC0 /* Debug */ = {
			isa = XCBuildConfiguration;
			buildSettings = {
				ALWAYS_SEARCH_USER_PATHS = NO;
				CLANG_ANALYZER_NONNULL = YES;
				CLANG_ANALYZER_NUMBER_OBJECT_CONVERSION = YES_AGGRESSIVE;
				CLANG_CXX_LANGUAGE_STANDARD = "gnu++20";
				CLANG_ENABLE_MODULES = YES;
				CLANG_ENABLE_OBJC_ARC = YES;
				CLANG_ENABLE_OBJC_WEAK = YES;
				CLANG_WARN_BLOCK_CAPTURE_AUTORELEASING = YES;
				CLANG_WARN_BOOL_CONVERSION = YES;
				CLANG_WARN_COMMA = YES;
				CLANG_WARN_CONSTANT_CONVERSION = YES;
				CLANG_WARN_DEPRECATED_OBJC_IMPLEMENTATIONS = YES;
				CLANG_WARN_DIRECT_OBJC_ISA_USAGE = YES_ERROR;
				CLANG_WARN_DOCUMENTATION_COMMENTS = YES;
				CLANG_WARN_EMPTY_BODY = YES;
				CLANG_WARN_ENUM_CONVERSION = YES;
				CLANG_WARN_INFINITE_RECURSION = YES;
				CLANG_WARN_INT_CONVERSION = YES;
				CLANG_WARN_NON_LITERAL_NULL_CONVERSION = YES;
				CLANG_WARN_OBJC_IMPLICIT_RETAIN_SELF = YES;
				CLANG_WARN_OBJC_LITERAL_CONVERSION = YES;
				CLANG_WARN_OBJC_ROOT_CLASS = YES_ERROR;
				CLANG_WARN_QUOTED_INCLUDE_IN_FRAMEWORK_HEADER = YES;
				CLANG_WARN_RANGE_LOOP_ANALYSIS = YES;
				CLANG_WARN_STRICT_PROTOTYPES = YES;
				CLANG_WARN_SUSPICIOUS_MOVE = YES;
				CLANG_WARN_UNGUARDED_AVAILABILITY = YES_AGGRESSIVE;
				CLANG_WARN_UNREACHABLE_CODE = YES;
				CLANG_WARN__DUPLICATE_METHOD_MATCH = YES;
				COPY_PHASE_STRIP = NO;
				DEBUG_INFORMATION_FORMAT = dwarf;
				ENABLE_STRICT_OBJC_MSGSEND = YES;
				ENABLE_TESTABILITY = YES;
				GCC_C_LANGUAGE_STANDARD = gnu11;
				GCC_DYNAMIC_NO_PIC = NO;
				GCC_NO_COMMON_BLOCKS = YES;
				GCC_OPTIMIZATION_LEVEL = 0;
				GCC_PREPROCESSOR_DEFINITIONS = (
					"DEBUG=1",
					"$(inherited)",
				);
				GCC_WARN_64_TO_32_BIT_CONVERSION = YES;
				GCC_WARN_ABOUT_RETURN_TYPE = YES_ERROR;
				GCC_WARN_UNDECLARED_SELECTOR = YES;
				GCC_WARN_UNINITIALIZED_AUTOS = YES_AGGRESSIVE;
				GCC_WARN_UNUSED_FUNCTION = YES;
				GCC_WARN_UNUSED_VARIABLE = YES;
				IPHONEOS_DEPLOYMENT_TARGET = 16.2;
				MTL_ENABLE_DEBUG_INFO = INCLUDE_SOURCE;
				MTL_FAST_MATH = YES;
				ONLY_ACTIVE_ARCH = YES;
				SDKROOT = iphoneos;
				SWIFT_ACTIVE_COMPILATION_CONDITIONS = DEBUG;
				SWIFT_OPTIMIZATION_LEVEL = "-Onone";
			};
			name = Debug;
		};
		80B208CD29BB875400DB3BC0 /* Release */ = {
			isa = XCBuildConfiguration;
			buildSettings = {
				ALWAYS_SEARCH_USER_PATHS = NO;
				CLANG_ANALYZER_NONNULL = YES;
				CLANG_ANALYZER_NUMBER_OBJECT_CONVERSION = YES_AGGRESSIVE;
				CLANG_CXX_LANGUAGE_STANDARD = "gnu++20";
				CLANG_ENABLE_MODULES = YES;
				CLANG_ENABLE_OBJC_ARC = YES;
				CLANG_ENABLE_OBJC_WEAK = YES;
				CLANG_WARN_BLOCK_CAPTURE_AUTORELEASING = YES;
				CLANG_WARN_BOOL_CONVERSION = YES;
				CLANG_WARN_COMMA = YES;
				CLANG_WARN_CONSTANT_CONVERSION = YES;
				CLANG_WARN_DEPRECATED_OBJC_IMPLEMENTATIONS = YES;
				CLANG_WARN_DIRECT_OBJC_ISA_USAGE = YES_ERROR;
				CLANG_WARN_DOCUMENTATION_COMMENTS = YES;
				CLANG_WARN_EMPTY_BODY = YES;
				CLANG_WARN_ENUM_CONVERSION = YES;
				CLANG_WARN_INFINITE_RECURSION = YES;
				CLANG_WARN_INT_CONVERSION = YES;
				CLANG_WARN_NON_LITERAL_NULL_CONVERSION = YES;
				CLANG_WARN_OBJC_IMPLICIT_RETAIN_SELF = YES;
				CLANG_WARN_OBJC_LITERAL_CONVERSION = YES;
				CLANG_WARN_OBJC_ROOT_CLASS = YES_ERROR;
				CLANG_WARN_QUOTED_INCLUDE_IN_FRAMEWORK_HEADER = YES;
				CLANG_WARN_RANGE_LOOP_ANALYSIS = YES;
				CLANG_WARN_STRICT_PROTOTYPES = YES;
				CLANG_WARN_SUSPICIOUS_MOVE = YES;
				CLANG_WARN_UNGUARDED_AVAILABILITY = YES_AGGRESSIVE;
				CLANG_WARN_UNREACHABLE_CODE = YES;
				CLANG_WARN__DUPLICATE_METHOD_MATCH = YES;
				COPY_PHASE_STRIP = NO;
				DEBUG_INFORMATION_FORMAT = "dwarf-with-dsym";
				ENABLE_NS_ASSERTIONS = NO;
				ENABLE_STRICT_OBJC_MSGSEND = YES;
				GCC_C_LANGUAGE_STANDARD = gnu11;
				GCC_NO_COMMON_BLOCKS = YES;
				GCC_WARN_64_TO_32_BIT_CONVERSION = YES;
				GCC_WARN_ABOUT_RETURN_TYPE = YES_ERROR;
				GCC_WARN_UNDECLARED_SELECTOR = YES;
				GCC_WARN_UNINITIALIZED_AUTOS = YES_AGGRESSIVE;
				GCC_WARN_UNUSED_FUNCTION = YES;
				GCC_WARN_UNUSED_VARIABLE = YES;
				IPHONEOS_DEPLOYMENT_TARGET = 16.2;
				MTL_ENABLE_DEBUG_INFO = NO;
				MTL_FAST_MATH = YES;
				SDKROOT = iphoneos;
				SWIFT_COMPILATION_MODE = wholemodule;
				SWIFT_OPTIMIZATION_LEVEL = "-O";
				VALIDATE_PRODUCT = YES;
			};
			name = Release;
		};
		80B208CF29BB875400DB3BC0 /* Debug */ = {
			isa = XCBuildConfiguration;
			buildSettings = {
				ASSETCATALOG_COMPILER_APPICON_NAME = AppIcon;
				ASSETCATALOG_COMPILER_GLOBAL_ACCENT_COLOR_NAME = AccentColor;
				CODE_SIGN_STYLE = Automatic;
				CURRENT_PROJECT_VERSION = 1;
				DEVELOPMENT_ASSET_PATHS = "\"EyeDocScanner/Preview Content\"";
				DEVELOPMENT_TEAM = H424495YM7;
				ENABLE_PREVIEWS = YES;
				GENERATE_INFOPLIST_FILE = YES;
				INFOPLIST_FILE = "EyeDocScanner-Info.plist";
				INFOPLIST_KEY_NSCameraUsageDescription = "";
				INFOPLIST_KEY_UIApplicationSceneManifest_Generation = YES;
				INFOPLIST_KEY_UIApplicationSupportsIndirectInputEvents = YES;
				INFOPLIST_KEY_UILaunchScreen_Generation = YES;
				INFOPLIST_KEY_UISupportedInterfaceOrientations_iPad = "UIInterfaceOrientationPortrait UIInterfaceOrientationPortraitUpsideDown UIInterfaceOrientationLandscapeLeft UIInterfaceOrientationLandscapeRight";
				INFOPLIST_KEY_UISupportedInterfaceOrientations_iPhone = "UIInterfaceOrientationPortrait UIInterfaceOrientationLandscapeLeft UIInterfaceOrientationLandscapeRight";
				INFOPLIST_KEY_UISupportsDocumentBrowser = YES;
				IPHONEOS_DEPLOYMENT_TARGET = 16.0;
				LD_RUNPATH_SEARCH_PATHS = (
					"$(inherited)",
					"@executable_path/Frameworks",
				);
				MARKETING_VERSION = 0.1.0;
				PRODUCT_BUNDLE_IDENTIFIER = com.mery.EyeDocScanner;
				PRODUCT_NAME = "$(TARGET_NAME)";
				SWIFT_EMIT_LOC_STRINGS = YES;
				SWIFT_VERSION = 5.0;
				TARGETED_DEVICE_FAMILY = "1,2";
			};
			name = Debug;
		};
		80B208D029BB875400DB3BC0 /* Release */ = {
			isa = XCBuildConfiguration;
			buildSettings = {
				ASSETCATALOG_COMPILER_APPICON_NAME = AppIcon;
				ASSETCATALOG_COMPILER_GLOBAL_ACCENT_COLOR_NAME = AccentColor;
				CODE_SIGN_STYLE = Automatic;
				CURRENT_PROJECT_VERSION = 1;
				DEVELOPMENT_ASSET_PATHS = "\"EyeDocScanner/Preview Content\"";
				DEVELOPMENT_TEAM = H424495YM7;
				ENABLE_PREVIEWS = YES;
				GENERATE_INFOPLIST_FILE = YES;
				INFOPLIST_FILE = "EyeDocScanner-Info.plist";
				INFOPLIST_KEY_NSCameraUsageDescription = "";
				INFOPLIST_KEY_UIApplicationSceneManifest_Generation = YES;
				INFOPLIST_KEY_UIApplicationSupportsIndirectInputEvents = YES;
				INFOPLIST_KEY_UILaunchScreen_Generation = YES;
				INFOPLIST_KEY_UISupportedInterfaceOrientations_iPad = "UIInterfaceOrientationPortrait UIInterfaceOrientationPortraitUpsideDown UIInterfaceOrientationLandscapeLeft UIInterfaceOrientationLandscapeRight";
				INFOPLIST_KEY_UISupportedInterfaceOrientations_iPhone = "UIInterfaceOrientationPortrait UIInterfaceOrientationLandscapeLeft UIInterfaceOrientationLandscapeRight";
				INFOPLIST_KEY_UISupportsDocumentBrowser = YES;
				IPHONEOS_DEPLOYMENT_TARGET = 16.0;
				LD_RUNPATH_SEARCH_PATHS = (
					"$(inherited)",
					"@executable_path/Frameworks",
				);
				MARKETING_VERSION = 0.1.0;
				PRODUCT_BUNDLE_IDENTIFIER = com.mery.EyeDocScanner;
				PRODUCT_NAME = "$(TARGET_NAME)";
				SWIFT_EMIT_LOC_STRINGS = YES;
				SWIFT_VERSION = 5.0;
				TARGETED_DEVICE_FAMILY = "1,2";
			};
			name = Release;
		};
/* End XCBuildConfiguration section */

/* Begin XCConfigurationList section */
		80B208BB29BB875300DB3BC0 /* Build configuration list for PBXProject "EyeDocScanner" */ = {
			isa = XCConfigurationList;
			buildConfigurations = (
				80B208CC29BB875400DB3BC0 /* Debug */,
				80B208CD29BB875400DB3BC0 /* Release */,
			);
			defaultConfigurationIsVisible = 0;
			defaultConfigurationName = Release;
		};
		80B208CE29BB875400DB3BC0 /* Build configuration list for PBXNativeTarget "EyeDocScanner" */ = {
			isa = XCConfigurationList;
			buildConfigurations = (
				80B208CF29BB875400DB3BC0 /* Debug */,
				80B208D029BB875400DB3BC0 /* Release */,
			);
			defaultConfigurationIsVisible = 0;
			defaultConfigurationName = Release;
		};
/* End XCConfigurationList section */
	};
	rootObject = 80B208B829BB875300DB3BC0 /* Project object */;
}
